
Microsoft Visual Studio Solution File, Format Version 12.00
# Visual Studio 15
VisualStudioVersion = 15.0.28307.1300
MinimumVisualStudioVersion = 10.0.40219.1
Project("{8BC9CEB8-8B4A-11D0-8D11-00A0C91BC942}") = "PCLdeepColor", "PCLlearn\PCLlearn.vcxproj", "{2BCDA2EF-54C9-4563-8BB7-2C59EEBD3826}"
EndProject
Project("{8BC9CEB8-8B4A-11D0-8D11-00A0C91BC942}") = "PCLVirtualView", "PCLVirtualView\PCLVirtualView.vcxproj", "{33A0CF3D-E4CE-4FA4-B114-C48CB197CD37}"
EndProject
Project("{8BC9CEB8-8B4A-11D0-8D11-00A0C91BC942}") = "DataToPCD", "DataToPCD\DataToPCD.vcxproj", "{C4ABA8D4-5B87-4E0C-ADF4-10494660B847}"
EndProject
Project("{8BC9CEB8-8B4A-11D0-8D11-00A0C91BC942}") = "PCLusePhotoCreatePoints", "PCLusePhotoCreatePoints\PCLusePhotoCreatePoints.vcxproj", "{8CD2133D-A6B6-4568-84B8-3AE36038B708}"
EndProject
Project("{8BC9CEB8-8B4A-11D0-8D11-00A0C91BC942}") = "LibTest191", "LibTest191\LibTest191.vcxproj", "{DE7E9D9A-96CC-4DAA-B885-230ADE970496}"
EndProject
Project("{8BC9CEB8-8B4A-11D0-8D11-00A0C91BC942}") = "CloudReconstruction", "CloudReconstruction\CloudReconstruction.vcxproj", "{72F6E174-120A-413F-AB5D-CEFB130D27B0}"
EndProject
Project("{8BC9CEB8-8B4A-11D0-8D11-00A0C91BC942}") = "VTKtest", "ConsolePackageTest1\ConsolePackageTest1.vcxproj", "{935CD7ED-94B3-4BCD-B405-CAE94425AFC4}"
EndProject
Global
	GlobalSection(SolutionConfigurationPlatforms) = preSolution
		Debug|x64 = Debug|x64
		Debug|x86 = Debug|x86
		Release|x64 = Release|x64
		Release|x86 = Release|x86
	EndGlobalSection
	GlobalSection(ProjectConfigurationPlatforms) = postSolution
		{2BCDA2EF-54C9-4563-8BB7-2C59EEBD3826}.Debug|x64.ActiveCfg = Debug|x64
		{2BCDA2EF-54C9-4563-8BB7-2C59EEBD3826}.Debug|x64.Build.0 = Debug|x64
		{2BCDA2EF-54C9-4563-8BB7-2C59EEBD3826}.Debug|x86.ActiveCfg = Debug|Win32
		{2BCDA2EF-54C9-4563-8BB7-2C59EEBD3826}.Debug|x86.Build.0 = Debug|Win32
		{2BCDA2EF-54C9-4563-8BB7-2C59EEBD3826}.Release|x64.ActiveCfg = Release|x64
		{2BCDA2EF-54C9-4563-8BB7-2C59EEBD3826}.Release|x64.Build.0 = Release|x64
		{2BCDA2EF-54C9-4563-8BB7-2C59EEBD3826}.Release|x86.ActiveCfg = Release|Win32
		{2BCDA2EF-54C9-4563-8BB7-2C59EEBD3826}.Release|x86.Build.0 = Release|Win32
		{33A0CF3D-E4CE-4FA4-B114-C48CB197CD37}.Debug|x64.ActiveCfg = Debug|x64
		{33A0CF3D-E4CE-4FA4-B114-C48CB197CD37}.Debug|x64.Build.0 = Debug|x64
		{33A0CF3D-E4CE-4FA4-B114-C48CB197CD37}.Debug|x86.ActiveCfg = Debug|Win32
		{33A0CF3D-E4CE-4FA4-B114-C48CB197CD37}.Debug|x86.Build.0 = Debug|Win32
		{33A0CF3D-E4CE-4FA4-B114-C48CB197CD37}.Release|x64.ActiveCfg = Release|x64
		{33A0CF3D-E4CE-4FA4-B114-C48CB197CD37}.Release|x64.Build.0 = Release|x64
		{33A0CF3D-E4CE-4FA4-B114-C48CB197CD37}.Release|x86.ActiveCfg = Release|Win32
		{33A0CF3D-E4CE-4FA4-B114-C48CB197CD37}.Release|x86.Build.0 = Release|Win32
		{C4ABA8D4-5B87-4E0C-ADF4-10494660B847}.Debug|x64.ActiveCfg = Debug|x64
		{C4ABA8D4-5B87-4E0C-ADF4-10494660B847}.Debug|x64.Build.0 = Debug|x64
		{C4ABA8D4-5B87-4E0C-ADF4-10494660B847}.Debug|x86.ActiveCfg = Debug|Win32
		{C4ABA8D4-5B87-4E0C-ADF4-10494660B847}.Debug|x86.Build.0 = Debug|Win32
		{C4ABA8D4-5B87-4E0C-ADF4-10494660B847}.Release|x64.ActiveCfg = Release|x64
		{C4ABA8D4-5B87-4E0C-ADF4-10494660B847}.Release|x64.Build.0 = Release|x64
		{C4ABA8D4-5B87-4E0C-ADF4-10494660B847}.Release|x86.ActiveCfg = Release|Win32
		{C4ABA8D4-5B87-4E0C-ADF4-10494660B847}.Release|x86.Build.0 = Release|Win32
		{8CD2133D-A6B6-4568-84B8-3AE36038B708}.Debug|x64.ActiveCfg = Debug|x64
		{8CD2133D-A6B6-4568-84B8-3AE36038B708}.Debug|x64.Build.0 = Debug|x64
		{8CD2133D-A6B6-4568-84B8-3AE36038B708}.Debug|x86.ActiveCfg = Debug|Win32
		{8CD2133D-A6B6-4568-84B8-3AE36038B708}.Debug|x86.Build.0 = Debug|Win32
		{8CD2133D-A6B6-4568-84B8-3AE36038B708}.Release|x64.ActiveCfg = Release|x64
		{8CD2133D-A6B6-4568-84B8-3AE36038B708}.Release|x64.Build.0 = Release|x64
		{8CD2133D-A6B6-4568-84B8-3AE36038B708}.Release|x86.ActiveCfg = Release|Win32
		{8CD2133D-A6B6-4568-84B8-3AE36038B708}.Release|x86.Build.0 = Release|Win32
		{DE7E9D9A-96CC-4DAA-B885-230ADE970496}.Debug|x64.ActiveCfg = Debug|x64
		{DE7E9D9A-96CC-4DAA-B885-230ADE970496}.Debug|x64.Build.0 = Debug|x64
		{DE7E9D9A-96CC-4DAA-B885-230ADE970496}.Debug|x86.ActiveCfg = Debug|Win32
		{DE7E9D9A-96CC-4DAA-B885-230ADE970496}.Debug|x86.Build.0 = Debug|Win32
		{DE7E9D9A-96CC-4DAA-B885-230ADE970496}.Release|x64.ActiveCfg = Release|x64
		{DE7E9D9A-96CC-4DAA-B885-230ADE970496}.Release|x64.Build.0 = Release|x64
		{DE7E9D9A-96CC-4DAA-B885-230ADE970496}.Release|x86.ActiveCfg = Release|Win32
		{DE7E9D9A-96CC-4DAA-B885-230ADE970496}.Release|x86.Build.0 = Release|Win32
		{72F6E174-120A-413F-AB5D-CEFB130D27B0}.Debug|x64.ActiveCfg = Debug|x64
		{72F6E174-120A-413F-AB5D-CEFB130D27B0}.Debug|x64.Build.0 = Debug|x64
		{72F6E174-120A-413F-AB5D-CEFB130D27B0}.Debug|x86.ActiveCfg = Debug|Win32
		{72F6E174-120A-413F-AB5D-CEFB130D27B0}.Debug|x86.Build.0 = Debug|Win32
		{72F6E174-120A-413F-AB5D-CEFB130D27B0}.Release|x64.ActiveCfg = Release|x64
		{72F6E174-120A-413F-AB5D-CEFB130D27B0}.Release|x64.Build.0 = Release|x64
		{72F6E174-120A-413F-AB5D-CEFB130D27B0}.Release|x86.ActiveCfg = Release|Win32
		{72F6E174-120A-413F-AB5D-CEFB130D27B0}.Release|x86.Build.0 = Release|Win32
		{935CD7ED-94B3-4BCD-B405-CAE94425AFC4}.Debug|x64.ActiveCfg = Debug|x64
		{935CD7ED-94B3-4BCD-B405-CAE94425AFC4}.Debug|x64.Build.0 = Debug|x64
		{935CD7ED-94B3-4BCD-B405-CAE94425AFC4}.Debug|x86.ActiveCfg = Debug|Win32
		{935CD7ED-94B3-4BCD-B405-CAE94425AFC4}.Debug|x86.Build.0 = Debug|Win32
		{935CD7ED-94B3-4BCD-B405-CAE94425AFC4}.Release|x64.ActiveCfg = Release|x64
		{935CD7ED-94B3-4BCD-B405-CAE94425AFC4}.Release|x64.Build.0 = Release|x64
		{935CD7ED-94B3-4BCD-B405-CAE94425AFC4}.Release|x86.ActiveCfg = Release|Win32
		{935CD7ED-94B3-4BCD-B405-CAE94425AFC4}.Release|x86.Build.0 = Release|Win32
	EndGlobalSection
	GlobalSection(SolutionProperties) = preSolution
		HideSolutionNode = FALSE
	EndGlobalSection
	GlobalSection(ExtensibilityGlobals) = postSolution
		SolutionGuid = {185E6972-139E-467A-989D-7E60552F699F}
	EndGlobalSection
EndGlobal
